
Microsoft Visual Studio Solution File, Format Version 12.00
# Visual Studio Version 16
VisualStudioVersion = 16.0.31205.134
MinimumVisualStudioVersion = 10.0.40219.1
Project("{FAE04EC0-301F-11D3-BF4B-00C04F79EFBC}") = "RecipeListMVC", "RecipeListMVC\RecipeListMVC.csproj", "{C3F34D51-4E1B-4C29-832D-6D487AE4EA3D}"
EndProject
Global
	GlobalSection(SolutionConfigurationPlatforms) = preSolution
		Debug|Any CPU = Debug|Any CPU
		Release|Any CPU = Release|Any CPU
	EndGlobalSection
	GlobalSection(ProjectConfigurationPlatforms) = postSolution
		{C3F34D51-4E1B-4C29-832D-6D487AE4EA3D}.Debug|Any CPU.ActiveCfg = Debug|Any CPU
		{C3F34D51-4E1B-4C29-832D-6D487AE4EA3D}.Debug|Any CPU.Build.0 = Debug|Any CPU
		{C3F34D51-4E1B-4C29-832D-6D487AE4EA3D}.Release|Any CPU.ActiveCfg = Release|Any CPU
		{C3F34D51-4E1B-4C29-832D-6D487AE4EA3D}.Release|Any CPU.Build.0 = Release|Any CPU
	EndGlobalSection
	GlobalSection(SolutionProperties) = preSolution
		HideSolutionNode = FALSE
	EndGlobalSection
	GlobalSection(ExtensibilityGlobals) = postSolution
		SolutionGuid = {109CEA7F-2E60-404E-93A4-F2208619701D}
	EndGlobalSection
EndGlobal
